Microsoft Visual Studio Solution File, Format Version 12.00
# Visual Studio Version 17
VisualStudioVersion = 17.5.2.0
MinimumVisualStudioVersion = 10.0.40219.1
Project("{2150E333-8FDC-42A3-9474-1A3956D46DE8}") = "BE", "BE", "{925EF7A6-BD2D-FD16-DA9B-B4A434F89C38}"
EndProject
Project("{FAE04EC0-301F-11D3-BF4B-00C04F79EFBC}") = "BE", "BE\BE\BE.csproj", "{AF0DA1E5-C19C-25B1-376C-B207243D507D}"
EndProject
Global
	GlobalSection(SolutionConfigurationPlatforms) = preSolution
		Debug|Any CPU = Debug|Any CPU
		Release|Any CPU = Release|Any CPU
	EndGlobalSection
	GlobalSection(ProjectConfigurationPlatforms) = postSolution
		{AF0DA1E5-C19C-25B1-376C-B207243D507D}.Debug|Any CPU.ActiveCfg = Debug|Any CPU
		{AF0DA1E5-C19C-25B1-376C-B207243D507D}.Debug|Any CPU.Build.0 = Debug|Any CPU
		{AF0DA1E5-C19C-25B1-376C-B207243D507D}.Release|Any CPU.ActiveCfg = Release|Any CPU
		{AF0DA1E5-C19C-25B1-376C-B207243D507D}.Release|Any CPU.Build.0 = Release|Any CPU
	EndGlobalSection
	GlobalSection(SolutionProperties) = preSolution
		HideSolutionNode = FALSE
	EndGlobalSection
	GlobalSection(NestedProjects) = preSolution
		{AF0DA1E5-C19C-25B1-376C-B207243D507D} = {925EF7A6-BD2D-FD16-DA9B-B4A434F89C38}
	EndGlobalSection
	GlobalSection(ExtensibilityGlobals) = postSolution
		SolutionGuid = {3806F6E8-DD0A-4F4F-8268-ABC9EED2FE58}
	EndGlobalSection
EndGlobal
